
Microsoft Visual Studio Solution File, Format Version 12.00
# Visual Studio Version 17
VisualStudioVersion = 17.5.002.0
MinimumVisualStudioVersion = 10.0.40219.1
Project("{9A19103F-16F7-4668-BE54-9A1E7A4F7556}") = "SistemaBiblioteca", "SistemaBiblioteca.csproj", "{0683F664-FA10-41BF-B43B-B2B2C6F91C5E}"
EndProject
Global
	GlobalSection(SolutionConfigurationPlatforms) = preSolution
		Debug|Any CPU = Debug|Any CPU
		Release|Any CPU = Release|Any CPU
	EndGlobalSection
	GlobalSection(ProjectConfigurationPlatforms) = postSolution
		{0683F664-FA10-41BF-B43B-B2B2C6F91C5E}.Debug|Any CPU.ActiveCfg = Debug|Any CPU
		{0683F664-FA10-41BF-B43B-B2B2C6F91C5E}.Debug|Any CPU.Build.0 = Debug|Any CPU
		{0683F664-FA10-41BF-B43B-B2B2C6F91C5E}.Release|Any CPU.ActiveCfg = Release|Any CPU
		{0683F664-FA10-41BF-B43B-B2B2C6F91C5E}.Release|Any CPU.Build.0 = Release|Any CPU
	EndGlobalSection
	GlobalSection(SolutionProperties) = preSolution
		HideSolutionNode = FALSE
	EndGlobalSection
	GlobalSection(ExtensibilityGlobals) = postSolution
		SolutionGuid = {EDFAADBA-2055-41DA-A238-192188EB210E}
	EndGlobalSection
EndGlobal
